
Microsoft Visual Studio Solution File, Format Version 12.00
# Visual Studio 15
VisualStudioVersion = 15.0.28307.572
MinimumVisualStudioVersion = 10.0.40219.1
Project("{8BC9CEB8-8B4A-11D0-8D11-00A0C91BC942}") = "Stack", "Stack.vcxproj", "{D607340F-3C2A-4931-A381-4914AEA6DD82}"
EndProject
Global
	GlobalSection(SolutionConfigurationPlatforms) = preSolution
		Debug|x64 = Debug|x64
		Debug|x86 = Debug|x86
		Release|x64 = Release|x64
		Release|x86 = Release|x86
	EndGlobalSection
	GlobalSection(ProjectConfigurationPlatforms) = postSolution
		{D607340F-3C2A-4931-A381-4914AEA6DD82}.Debug|x64.ActiveCfg = Debug|x64
		{D607340F-3C2A-4931-A381-4914AEA6DD82}.Debug|x64.Build.0 = Debug|x64
		{D607340F-3C2A-4931-A381-4914AEA6DD82}.Debug|x86.ActiveCfg = Debug|Win32
		{D607340F-3C2A-4931-A381-4914AEA6DD82}.Debug|x86.Build.0 = Debug|Win32
		{D607340F-3C2A-4931-A381-4914AEA6DD82}.Release|x64.ActiveCfg = Release|x64
		{D607340F-3C2A-4931-A381-4914AEA6DD82}.Release|x64.Build.0 = Release|x64
		{D607340F-3C2A-4931-A381-4914AEA6DD82}.Release|x86.ActiveCfg = Release|Win32
		{D607340F-3C2A-4931-A381-4914AEA6DD82}.Release|x86.Build.0 = Release|Win32
	EndGlobalSection
	GlobalSection(SolutionProperties) = preSolution
		HideSolutionNode = FALSE
	EndGlobalSection
	GlobalSection(ExtensibilityGlobals) = postSolution
		SolutionGuid = {A8845521-1E2C-474C-8D8C-4887A730CD71}
	EndGlobalSection
EndGlobal
